// !$*UTF8*$!
{ archiveVersion = 1; classes = {}; objectVersion = 56; objects = {
000000000000000000000064 = { isa = PBXFileReference; lastKnownFileType = sourcecode.swift; path = BackupCrypto.swift; sourceTree = "<group>"; };
0000000000000000000000C8 = { isa = PBXBuildFile; fileRef = 000000000000000000000064; };
000000000000000000000065 = { isa = PBXFileReference; lastKnownFileType = sourcecode.swift; path = CouldDomain.swift; sourceTree = "<group>"; };
0000000000000000000000C9 = { isa = PBXBuildFile; fileRef = 000000000000000000000065; };
000000000000000000000066 = { isa = PBXFileReference; lastKnownFileType = sourcecode.swift; path = CouldViews.swift; sourceTree = "<group>"; };
0000000000000000000000CA = { isa = PBXBuildFile; fileRef = 000000000000000000000066; };
000000000000000000000067 = { isa = PBXFileReference; lastKnownFileType = sourcecode.swift; path = Domain.swift; sourceTree = "<group>"; };
0000000000000000000000CB = { isa = PBXBuildFile; fileRef = 000000000000000000000067; };
000000000000000000000068 = { isa = PBXFileReference; lastKnownFileType = sourcecode.swift; path = ExportView.swift; sourceTree = "<group>"; };
0000000000000000000000CC = { isa = PBXBuildFile; fileRef = 000000000000000000000068; };
000000000000000000000069 = { isa = PBXFileReference; lastKnownFileType = sourcecode.swift; path = LogbookApp.swift; sourceTree = "<group>"; };
0000000000000000000000CD = { isa = PBXBuildFile; fileRef = 000000000000000000000069; };
00000000000000000000006A = { isa = PBXFileReference; lastKnownFileType = sourcecode.swift; path = LogbookStore.swift; sourceTree = "<group>"; };
0000000000000000000000CE = { isa = PBXBuildFile; fileRef = 00000000000000000000006A; };
00000000000000000000006B = { isa = PBXFileReference; lastKnownFileType = sourcecode.swift; path = Privacy.swift; sourceTree = "<group>"; };
0000000000000000000000CF = { isa = PBXBuildFile; fileRef = 00000000000000000000006B; };
00000000000000000000006C = { isa = PBXFileReference; lastKnownFileType = sourcecode.swift; path = QuickIntents.swift; sourceTree = "<group>"; };
0000000000000000000000D0 = { isa = PBXBuildFile; fileRef = 00000000000000000000006C; };
00000000000000000000006D = { isa = PBXFileReference; lastKnownFileType = sourcecode.swift; path = SettingsView.swift; sourceTree = "<group>"; };
0000000000000000000000D1 = { isa = PBXBuildFile; fileRef = 00000000000000000000006D; };
00000000000000000000006E = { isa = PBXFileReference; lastKnownFileType = sourcecode.swift; path = ShouldDomain.swift; sourceTree = "<group>"; };
0000000000000000000000D2 = { isa = PBXBuildFile; fileRef = 00000000000000000000006E; };
00000000000000000000006F = { isa = PBXFileReference; lastKnownFileType = sourcecode.swift; path = ShouldViews.swift; sourceTree = "<group>"; };
0000000000000000000000D3 = { isa = PBXBuildFile; fileRef = 00000000000000000000006F; };
000000000000000000000070 = { isa = PBXFileReference; lastKnownFileType = sourcecode.swift; path = WidgetShared.swift; sourceTree = "<group>"; };
0000000000000000000000D4 = { isa = PBXBuildFile; fileRef = 000000000000000000000070; };
000000000000000000000001 = { isa = PBXProject; attributes = { LastUpgradeCheck = 2620; }; buildConfigurationList = 00000000000000000000000A; compatibilityVersion = "Xcode 14.0"; developmentRegion = en; knownRegions = (en,de,Base); mainGroup = 000000000000000000000002; productRefGroup = 000000000000000000000004; projectDirPath = ""; targets = (000000000000000000000005,00000000000000000000001E,00000000000000000000003C,0000000000000000000001F4); };
000000000000000000000002 = { isa = PBXGroup; children = (000000000000000000000003,000000000000000000000004,00000000000000000000001F,00000000000000000000003D,0000000000000000000001F5); sourceTree = "<group>"; };
000000000000000000000003 = { isa = PBXGroup; children = (000000000000000000000064,000000000000000000000065,000000000000000000000066,000000000000000000000067,000000000000000000000068,000000000000000000000069,00000000000000000000006A,00000000000000000000006B,00000000000000000000006C,00000000000000000000006D,00000000000000000000006E,00000000000000000000006F,000000000000000000000070); path = Logbook; sourceTree = "<group>"; };
000000000000000000000004 = { isa = PBXGroup; children = (000000000000000000000006,000000000000000000000020,00000000000000000000003E,0000000000000000000001F6); name = Products; sourceTree = "<group>"; };
000000000000000000000005 = { isa = PBXNativeTarget; buildConfigurationList = 00000000000000000000000B; buildPhases = (000000000000000000000007,000000000000000000000008,000000000000000000000009,000000000000000000000208,0000000000000000000001FA); buildRules = (); dependencies = (0000000000000000000001FB); name = Logbook; productName = Logbook; productReference = 000000000000000000000006; productType = "com.apple.product-type.application"; };
000000000000000000000006 = { isa = PBXFileReference; explicitFileType = wrapper.application; path = Logbook.app; sourceTree = BUILT_PRODUCTS_DIR; };
000000000000000000000007 = { isa = PBXShellScriptBuildPhase; alwaysOutOfDate = 1; buildActionMask = 2147483647; files = (); inputPaths = (); outputPaths = (); runOnlyForDeploymentPostprocessing = 0; shellPath = /bin/sh; shellScript = "set -eu\ncd \"$SRCROOT/..\"\nexport JAVA_HOME=\"$(/usr/libexec/java_home -v 21)\"\nif [ \"$PLATFORM_NAME\" = \"iphonesimulator\" ]; then target=IosSimulatorArm64; else target=IosArm64; fi\nif [ \"$CONFIGURATION\" = \"Release\" ]; then mode=Release; else mode=Debug; fi\n./gradlew -PenableIos=true \":shared:link${mode}Framework${target}\"\n"; };
000000000000000000000008 = { isa = PBXSourcesBuildPhase; buildActionMask = 2147483647; files = (0000000000000000000000C8,0000000000000000000000C9,0000000000000000000000CA,0000000000000000000000CB,0000000000000000000000CC,0000000000000000000000CD,0000000000000000000000CE,0000000000000000000000CF,0000000000000000000000D0,0000000000000000000000D1,0000000000000000000000D2,0000000000000000000000D3,0000000000000000000000D4); runOnlyForDeploymentPostprocessing = 0; };
000000000000000000000009 = { isa = PBXFrameworksBuildPhase; buildActionMask = 2147483647; files = (); runOnlyForDeploymentPostprocessing = 0; };
00000000000000000000000A = { isa = XCConfigurationList; buildConfigurations = (00000000000000000000000C,00000000000000000000000D); defaultConfigurationIsVisible = 0; defaultConfigurationName = Debug; };
00000000000000000000000B = { isa = XCConfigurationList; buildConfigurations = (00000000000000000000000E,00000000000000000000000F); defaultConfigurationIsVisible = 0; defaultConfigurationName = Debug; };
00000000000000000000000C = { isa = XCBuildConfiguration; name = Debug; buildSettings = { SWIFT_ACTIVE_COMPILATION_CONDITIONS = DEBUG; CLANG_ENABLE_MODULES = YES; SDKROOT = iphoneos; IPHONEOS_DEPLOYMENT_TARGET = 17.0; }; };
00000000000000000000000D = { isa = XCBuildConfiguration; name = Release; buildSettings = { CLANG_ENABLE_MODULES = YES; SDKROOT = iphoneos; IPHONEOS_DEPLOYMENT_TARGET = 17.0; }; };
00000000000000000000000E = { isa = XCBuildConfiguration; name = Debug; buildSettings = { PRODUCT_BUNDLE_IDENTIFIER = com.adhs.logbook.quietsage; PRODUCT_NAME = "$(TARGET_NAME)"; SWIFT_VERSION = 5.0;
GENERATE_INFOPLIST_FILE = YES; INFOPLIST_FILE = Logbook/Info.plist; INFOPLIST_KEY_CFBundleDisplayName = "ADHS Logbook"; INFOPLIST_KEY_UILaunchScreen_Generation = YES;
INFOPLIST_KEY_UIApplicationSceneManifest_Generation = YES; INFOPLIST_KEY_UISupportedInterfaceOrientations = "UIInterfaceOrientationPortrait UIInterfaceOrientationLandscapeLeft UIInterfaceOrientationLandscapeRight";
"ARCHS[sdk=iphonesimulator*]" = arm64; TARGETED_DEVICE_FAMILY = "1,2"; SUPPORTED_PLATFORMS = "iphoneos iphonesimulator"; ENABLE_USER_SCRIPT_SANDBOXING = NO; CODE_SIGN_STYLE = Automatic; CODE_SIGN_ENTITLEMENTS = Logbook/Logbook.entitlements;
CURRENT_PROJECT_VERSION = 4; MARKETING_VERSION = 0.4.0; SWIFT_EMIT_LOC_STRINGS = NO; ENABLE_TESTABILITY = YES;
"KOTLIN_TARGET[sdk=iphonesimulator*]" = iosSimulatorArm64; "KOTLIN_TARGET[sdk=iphoneos*]" = iosArm64;
FRAMEWORK_SEARCH_PATHS = "$(SRCROOT)/../shared/build/bin/$(KOTLIN_TARGET)/debugFramework";
OTHER_LDFLAGS = ("$(inherited)","-framework",LogbookShared,"-lsqlite3"); LD_RUNPATH_SEARCH_PATHS = "$(inherited) @executable_path/Frameworks"; }; };
00000000000000000000000F = { isa = XCBuildConfiguration; name = Release; buildSettings = { PRODUCT_BUNDLE_IDENTIFIER = com.adhs.logbook.quietsage; PRODUCT_NAME = "$(TARGET_NAME)"; SWIFT_VERSION = 5.0;
GENERATE_INFOPLIST_FILE = YES; INFOPLIST_FILE = Logbook/Info.plist; INFOPLIST_KEY_CFBundleDisplayName = "ADHS Logbook"; INFOPLIST_KEY_UILaunchScreen_Generation = YES;
INFOPLIST_KEY_UIApplicationSceneManifest_Generation = YES; INFOPLIST_KEY_UISupportedInterfaceOrientations = "UIInterfaceOrientationPortrait UIInterfaceOrientationLandscapeLeft UIInterfaceOrientationLandscapeRight";
"ARCHS[sdk=iphonesimulator*]" = arm64; TARGETED_DEVICE_FAMILY = "1,2"; SUPPORTED_PLATFORMS = "iphoneos iphonesimulator"; ENABLE_USER_SCRIPT_SANDBOXING = NO; CODE_SIGN_STYLE = Automatic; CODE_SIGN_ENTITLEMENTS = Logbook/Logbook.entitlements;
CURRENT_PROJECT_VERSION = 4; MARKETING_VERSION = 0.4.0; SWIFT_EMIT_LOC_STRINGS = NO; ENABLE_TESTABILITY = YES;
"KOTLIN_TARGET[sdk=iphonesimulator*]" = iosSimulatorArm64; "KOTLIN_TARGET[sdk=iphoneos*]" = iosArm64;
FRAMEWORK_SEARCH_PATHS = "$(SRCROOT)/../shared/build/bin/$(KOTLIN_TARGET)/releaseFramework";
OTHER_LDFLAGS = ("$(inherited)","-framework",LogbookShared,"-lsqlite3"); LD_RUNPATH_SEARCH_PATHS = "$(inherited) @executable_path/Frameworks"; }; };
00000000000000000000001E = { isa = PBXNativeTarget; buildConfigurationList = 000000000000000000000021; buildPhases = (000000000000000000000022,000000000000000000000023); dependencies = (000000000000000000000024); name = LogbookTests; productName = LogbookTests; productReference = 000000000000000000000020; productType = "com.apple.product-type.bundle.unit-test"; };
00000000000000000000001F = { isa = PBXGroup; children = (000000000000000000000026,000000000000000000000027); path = LogbookTests; sourceTree = "<group>"; };
000000000000000000000020 = { isa = PBXFileReference; explicitFileType = wrapper.cfbundle; path = LogbookTests.xctest; sourceTree = BUILT_PRODUCTS_DIR; };
000000000000000000000021 = { isa = XCConfigurationList; buildConfigurations = (00000000000000000000002A,00000000000000000000002B); defaultConfigurationIsVisible = 0; defaultConfigurationName = Debug; };
000000000000000000000022 = { isa = PBXSourcesBuildPhase; buildActionMask = 2147483647; files = (000000000000000000000028); runOnlyForDeploymentPostprocessing = 0; };
000000000000000000000023 = { isa = PBXResourcesBuildPhase; buildActionMask = 2147483647; files = (000000000000000000000029,00000000000000000000020F,000000000000000000000218); runOnlyForDeploymentPostprocessing = 0; };
000000000000000000000024 = { isa = PBXTargetDependency; target = 000000000000000000000005; targetProxy = 000000000000000000000025; };
000000000000000000000025 = { isa = PBXContainerItemProxy; containerPortal = 000000000000000000000001; proxyType = 1; remoteGlobalIDString = 000000000000000000000005; remoteInfo = Logbook; };
000000000000000000000026 = { isa = PBXFileReference; lastKnownFileType = sourcecode.swift; path = MustTests.swift; sourceTree = "<group>"; };
000000000000000000000027 = { isa = PBXFileReference; lastKnownFileType = file; path = android-backup.adhsbak; sourceTree = "<group>"; };
000000000000000000000028 = { isa = PBXBuildFile; fileRef = 000000000000000000000026; };
000000000000000000000029 = { isa = PBXBuildFile; fileRef = 000000000000000000000027; };
00000000000000000000002A = { isa = XCBuildConfiguration; name = Debug; buildSettings = { PRODUCT_NAME = "$(TARGET_NAME)"; PRODUCT_BUNDLE_IDENTIFIER = com.adhs.logbook.tests; GENERATE_INFOPLIST_FILE = YES; SWIFT_VERSION = 5.0; "ARCHS[sdk=iphonesimulator*]" = arm64; TARGETED_DEVICE_FAMILY = "1,2"; TEST_HOST = "$(BUILT_PRODUCTS_DIR)/Logbook.app/Logbook"; BUNDLE_LOADER = "$(TEST_HOST)"; FRAMEWORK_SEARCH_PATHS = "$(SRCROOT)/../shared/build/bin/iosSimulatorArm64/debugFramework"; }; };
00000000000000000000002B = { isa = XCBuildConfiguration; name = Release; buildSettings = { PRODUCT_NAME = "$(TARGET_NAME)"; PRODUCT_BUNDLE_IDENTIFIER = com.adhs.logbook.tests; GENERATE_INFOPLIST_FILE = YES; SWIFT_VERSION = 5.0; "ARCHS[sdk=iphonesimulator*]" = arm64; TARGETED_DEVICE_FAMILY = "1,2"; TEST_HOST = "$(BUILT_PRODUCTS_DIR)/Logbook.app/Logbook"; BUNDLE_LOADER = "$(TEST_HOST)"; FRAMEWORK_SEARCH_PATHS = "$(SRCROOT)/../shared/build/bin/iosSimulatorArm64/debugFramework"; }; };
00000000000000000000003C = { isa = PBXNativeTarget; buildConfigurationList = 00000000000000000000003F; buildPhases = (000000000000000000000040); dependencies = (000000000000000000000024); name = LogbookUITests; productName = LogbookUITests; productReference = 00000000000000000000003E; productType = "com.apple.product-type.bundle.ui-testing"; };
00000000000000000000003D = { isa = PBXGroup; children = (000000000000000000000041); path = LogbookUITests; sourceTree = "<group>"; };
00000000000000000000003E = { isa = PBXFileReference; explicitFileType = wrapper.cfbundle; path = LogbookUITests.xctest; sourceTree = BUILT_PRODUCTS_DIR; };
00000000000000000000003F = { isa = XCConfigurationList; buildConfigurations = (000000000000000000000043,000000000000000000000044); defaultConfigurationIsVisible = 0; defaultConfigurationName = Debug; };
000000000000000000000040 = { isa = PBXSourcesBuildPhase; buildActionMask = 2147483647; files = (000000000000000000000042); runOnlyForDeploymentPostprocessing = 0; };
000000000000000000000041 = { isa = PBXFileReference; lastKnownFileType = sourcecode.swift; path = LoggingUITests.swift; sourceTree = "<group>"; };
000000000000000000000042 = { isa = PBXBuildFile; fileRef = 000000000000000000000041; };
000000000000000000000043 = { isa = XCBuildConfiguration; name = Debug; buildSettings = { PRODUCT_NAME = "$(TARGET_NAME)"; PRODUCT_BUNDLE_IDENTIFIER = com.adhs.logbook.uitests; GENERATE_INFOPLIST_FILE = YES; SWIFT_VERSION = 5.0; "ARCHS[sdk=iphonesimulator*]" = arm64; TARGETED_DEVICE_FAMILY = "1,2"; TEST_TARGET_NAME = Logbook; }; };
000000000000000000000044 = { isa = XCBuildConfiguration; name = Release; buildSettings = { PRODUCT_NAME = "$(TARGET_NAME)"; PRODUCT_BUNDLE_IDENTIFIER = com.adhs.logbook.uitests; GENERATE_INFOPLIST_FILE = YES; SWIFT_VERSION = 5.0; "ARCHS[sdk=iphonesimulator*]" = arm64; TARGETED_DEVICE_FAMILY = "1,2"; TEST_TARGET_NAME = Logbook; }; };
0000000000000000000001F4 = { isa = PBXNativeTarget; buildConfigurationList = 0000000000000000000001F7; buildPhases = (0000000000000000000001F8); dependencies = (); name = LogbookWidget; productName = LogbookWidget; productReference = 0000000000000000000001F6; productType = "com.apple.product-type.app-extension"; };
0000000000000000000001F5 = { isa = PBXGroup; children = (0000000000000000000001FD); path = LogbookWidget; sourceTree = "<group>"; };
0000000000000000000001F6 = { isa = PBXFileReference; explicitFileType = "wrapper.app-extension"; path = LogbookWidget.appex; sourceTree = BUILT_PRODUCTS_DIR; };
0000000000000000000001F7 = { isa = XCConfigurationList; buildConfigurations = (000000000000000000000200,000000000000000000000201); defaultConfigurationIsVisible = 0; defaultConfigurationName = Debug; };
0000000000000000000001F8 = { isa = PBXSourcesBuildPhase; buildActionMask = 2147483647; files = (0000000000000000000001FE,0000000000000000000001FF); runOnlyForDeploymentPostprocessing = 0; };
0000000000000000000001F9 = { isa = PBXBuildFile; fileRef = 0000000000000000000001F6; settings = { ATTRIBUTES = (RemoveHeadersOnCopy); }; };
0000000000000000000001FA = { isa = PBXCopyFilesBuildPhase; buildActionMask = 2147483647; dstPath = ""; dstSubfolderSpec = 13; files = (0000000000000000000001F9); name = "Embed App Extensions"; runOnlyForDeploymentPostprocessing = 0; };
0000000000000000000001FB = { isa = PBXTargetDependency; target = 0000000000000000000001F4; targetProxy = 0000000000000000000001FC; };
0000000000000000000001FC = { isa = PBXContainerItemProxy; containerPortal = 000000000000000000000001; proxyType = 1; remoteGlobalIDString = 0000000000000000000001F4; remoteInfo = LogbookWidget; };
0000000000000000000001FD = { isa = PBXFileReference; lastKnownFileType = sourcecode.swift; path = LogbookWidget.swift; sourceTree = "<group>"; };
0000000000000000000001FE = { isa = PBXBuildFile; fileRef = 0000000000000000000001FD; };
0000000000000000000001FF = { isa = PBXBuildFile; fileRef = 000000000000000000000070; };
000000000000000000000200 = { isa = XCBuildConfiguration; name = Debug; buildSettings = { PRODUCT_NAME = "$(TARGET_NAME)"; PRODUCT_BUNDLE_IDENTIFIER = com.adhs.logbook.quietsage.widget; GENERATE_INFOPLIST_FILE = YES; INFOPLIST_FILE = LogbookWidget/Info.plist; CODE_SIGN_ENTITLEMENTS = LogbookWidget/LogbookWidget.entitlements; SWIFT_VERSION = 5.0; "ARCHS[sdk=iphonesimulator*]" = arm64; TARGETED_DEVICE_FAMILY = "1,2"; APPLICATION_EXTENSION_API_ONLY = YES; SKIP_INSTALL = YES; CURRENT_PROJECT_VERSION = 4; MARKETING_VERSION = 0.4.0; }; };
000000000000000000000201 = { isa = XCBuildConfiguration; name = Release; buildSettings = { PRODUCT_NAME = "$(TARGET_NAME)"; PRODUCT_BUNDLE_IDENTIFIER = com.adhs.logbook.quietsage.widget; GENERATE_INFOPLIST_FILE = YES; INFOPLIST_FILE = LogbookWidget/Info.plist; CODE_SIGN_ENTITLEMENTS = LogbookWidget/LogbookWidget.entitlements; SWIFT_VERSION = 5.0; "ARCHS[sdk=iphonesimulator*]" = arm64; TARGETED_DEVICE_FAMILY = "1,2"; APPLICATION_EXTENSION_API_ONLY = YES; SKIP_INSTALL = YES; CURRENT_PROJECT_VERSION = 4; MARKETING_VERSION = 0.4.0; }; };
000000000000000000000208 = { isa = PBXResourcesBuildPhase; buildActionMask = 2147483647; files = (00000000000000000000020C,000000000000000000000216); runOnlyForDeploymentPostprocessing = 0; };
000000000000000000000209 = { isa = PBXVariantGroup; children = (00000000000000000000020A,00000000000000000000020B); name = InfoPlist.strings; sourceTree = "<group>"; };
00000000000000000000020A = { isa = PBXFileReference; lastKnownFileType = text.plist.strings; name = en; path = Logbook/en.lproj/InfoPlist.strings; sourceTree = SOURCE_ROOT; };
00000000000000000000020B = { isa = PBXFileReference; lastKnownFileType = text.plist.strings; name = de; path = Logbook/de.lproj/InfoPlist.strings; sourceTree = SOURCE_ROOT; };
00000000000000000000020C = { isa = PBXBuildFile; fileRef = 000000000000000000000209; };
00000000000000000000020E = { isa = PBXFileReference; lastKnownFileType = file; path = LogbookTests/should-android.adhsbak; sourceTree = SOURCE_ROOT; };
00000000000000000000020F = { isa = PBXBuildFile; fileRef = 00000000000000000000020E; };
000000000000000000000213 = { isa = PBXVariantGroup; children = (000000000000000000000214,000000000000000000000215); name = Localizable.strings; sourceTree = "<group>"; };
000000000000000000000214 = { isa = PBXFileReference; lastKnownFileType = text.plist.strings; name = en; path = Logbook/en.lproj/Localizable.strings; sourceTree = SOURCE_ROOT; };
000000000000000000000215 = { isa = PBXFileReference; lastKnownFileType = text.plist.strings; name = de; path = Logbook/de.lproj/Localizable.strings; sourceTree = SOURCE_ROOT; };
000000000000000000000216 = { isa = PBXBuildFile; fileRef = 000000000000000000000213; };
000000000000000000000217 = { isa = PBXFileReference; lastKnownFileType = file; path = LogbookTests/could-android.adhsbak; sourceTree = SOURCE_ROOT; };
000000000000000000000218 = { isa = PBXBuildFile; fileRef = 000000000000000000000217; };
}; rootObject = 000000000000000000000001; }
